
Microsoft Visual Studio Solution File, Format Version 12.00
# Visual Studio Version 17
VisualStudioVersion = 17.0.31912.275
MinimumVisualStudioVersion = 10.0.40219.1
Project("{FAE04EC0-301F-11D3-BF4B-00C04F79EFBC}") = "MvcMovie", "MvcMovie\MvcMovie.csproj", "{DDD0006B-6E03-409F-B685-CAF2702BA81C}"
EndProject
Global
	GlobalSection(SolutionConfigurationPlatforms) = preSolution
		Debug|Any CPU = Debug|Any CPU
		Release|Any CPU = Release|Any CPU
	EndGlobalSection
	GlobalSection(ProjectConfigurationPlatforms) = postSolution
		{DDD0006B-6E03-409F-B685-CAF2702BA81C}.Debug|Any CPU.ActiveCfg = Debug|Any CPU
		{DDD0006B-6E03-409F-B685-CAF2702BA81C}.Debug|Any CPU.Build.0 = Debug|Any CPU
		{DDD0006B-6E03-409F-B685-CAF2702BA81C}.Release|Any CPU.ActiveCfg = Release|Any CPU
		{DDD0006B-6E03-409F-B685-CAF2702BA81C}.Release|Any CPU.Build.0 = Release|Any CPU
	EndGlobalSection
	GlobalSection(SolutionProperties) = preSolution
		HideSolutionNode = FALSE
	EndGlobalSection
	GlobalSection(ExtensibilityGlobals) = postSolution
		SolutionGuid = {44703598-1F07-4718-B0AE-975554145B7A}
	EndGlobalSection
EndGlobal
